// !$*UTF8*$!
{
	archiveVersion = 1;
	classes = {
	};
	objectVersion = 46;
	objects = {

/* Begin PBXBuildFile section */
		00E356F31AD99517003FC87E /* ReactNativeAsyncLoadBundleTests.m in Sources */ = {isa = PBXBuildFile; fileRef = 00E356F21AD99517003FC87E /* ReactNativeAsyncLoadBundleTests.m */; };
		13B07FBC1A68108700A75B9A /* AppDelegate.m in Sources */ = {isa = PBXBuildFile; fileRef = 13B07FB01A68108700A75B9A /* AppDelegate.m */; };
		13B07FBD1A68108700A75B9A /* LaunchScreen.xib in Resources */ = {isa = PBXBuildFile; fileRef = 13B07FB11A68108700A75B9A /* LaunchScreen.xib */; };
		13B07FBF1A68108700A75B9A /* Images.xcassets in Resources */ = {isa = PBXBuildFile; fileRef = 13B07FB51A68108700A75B9A /* Images.xcassets */; };
		13B07FC11A68108700A75B9A /* main.m in Sources */ = {isa = PBXBuildFile; fileRef = 13B07FB71A68108700A75B9A /* main.m */; };
		2C38B4C5241FB1C700BFCD1A /* MMWelcomeViewController.m in Sources */ = {isa = PBXBuildFile; fileRef = 2C38B4C4241FB1C700BFCD1A /* MMWelcomeViewController.m */; };
		2C97D65C242263F000F713C9 /* MMSyncReactNativeContainerViewController.m in Sources */ = {isa = PBXBuildFile; fileRef = 2C97D65B242263F000F713C9 /* MMSyncReactNativeContainerViewController.m */; };
		2C97D65E24226B9E00F713C9 /* bundle in Resources */ = {isa = PBXBuildFile; fileRef = 2C97D65D24226B9E00F713C9 /* bundle */; };
		2C97D66D2423066D00F713C9 /* CRToastManager.m in Sources */ = {isa = PBXBuildFile; fileRef = 2C97D6612423066C00F713C9 /* CRToastManager.m */; };
		2C97D66E2423066D00F713C9 /* CRToastViewController.m in Sources */ = {isa = PBXBuildFile; fileRef = 2C97D6632423066C00F713C9 /* CRToastViewController.m */; };
		2C97D66F2423066D00F713C9 /* CRToastView.m in Sources */ = {isa = PBXBuildFile; fileRef = 2C97D6662423066C00F713C9 /* CRToastView.m */; };
		2C97D6702423066D00F713C9 /* CRToastWindow.m in Sources */ = {isa = PBXBuildFile; fileRef = 2C97D6682423066C00F713C9 /* CRToastWindow.m */; };
		2C97D6712423066D00F713C9 /* CRToastConfig.m in Sources */ = {isa = PBXBuildFile; fileRef = 2C97D66A2423066C00F713C9 /* CRToastConfig.m */; };
		2C97D6752423142C00F713C9 /* MMBaseReactNativeViewController.m in Sources */ = {isa = PBXBuildFile; fileRef = 2C97D6742423142C00F713C9 /* MMBaseReactNativeViewController.m */; };
		2C97D67D2423173100F713C9 /* MMAsyncGuideViewController.m in Sources */ = {isa = PBXBuildFile; fileRef = 2C97D67C2423173100F713C9 /* MMAsyncGuideViewController.m */; };
		2C97D68024231A1400F713C9 /* MMAsyncLoadManager.m in Sources */ = {isa = PBXBuildFile; fileRef = 2C97D67F24231A1400F713C9 /* MMAsyncLoadManager.m */; };
		2C97D68424231FA800F713C9 /* MMAsyncReactNativeContainerViewController.m in Sources */ = {isa = PBXBuildFile; fileRef = 2C97D68324231FA800F713C9 /* MMAsyncReactNativeContainerViewController.m */; };
		2C97D68B242344F800F713C9 /* MMTimeRecordUtil.m in Sources */ = {isa = PBXBuildFile; fileRef = 2C97D68A242344F800F713C9 /* MMTimeRecordUtil.m */; };
		93EAD5173DFE1E8F0B6B521C /* libPods-ReactNativeAsyncLoadBundle.a in Frameworks */ = {isa = PBXBuildFile; fileRef = 48D563A357B14A7EC66382D4 /* libPods-ReactNativeAsyncLoadBundle.a */; };
		9611FDF3CE7B611B13A9FCD5 /* libPods-ReactNativeAsyncLoadBundleTests.a in Frameworks */ = {isa = PBXBuildFile; fileRef = 7E297CA91D73D40D084907A3 /* libPods-ReactNativeAsyncLoadBundleTests.a */; };
/* End PBXBuildFile section */

/* Begin PBXContainerItemProxy section */
		00E356F41AD99517003FC87E /* PBXContainerItemProxy */ = {
			isa = PBXContainerItemProxy;
			containerPortal = 83CBB9F71A601CBA00E9B192 /* Project object */;
			proxyType = 1;
			remoteGlobalIDString = 13B07F861A680F5B00A75B9A;
			remoteInfo = ReactNativeAsyncLoadBundle;
		};
/* End PBXContainerItemProxy section */

/* Begin PBXFileReference section */
		00E356EE1AD99517003FC87E /* ReactNativeAsyncLoadBundleTests.xctest */ = {isa = PBXFileReference; explicitFileType = wrapper.cfbundle; includeInIndex = 0; path = ReactNativeAsyncLoadBundleTests.xctest; sourceTree = BUILT_PRODUCTS_DIR; };
		00E356F11AD99517003FC87E /* Info.plist */ = {isa = PBXFileReference; lastKnownFileType = text.plist.xml; path = Info.plist; sourceTree = "<group>"; };
		00E356F21AD99517003FC87E /* ReactNativeAsyncLoadBundleTests.m */ = {isa = PBXFileReference; lastKnownFileType = sourcecode.c.objc; path = ReactNativeAsyncLoadBundleTests.m; sourceTree = "<group>"; };
		13B07F961A680F5B00A75B9A /* ReactNativeAsyncLoadBundle.app */ = {isa = PBXFileReference; explicitFileType = wrapper.application; includeInIndex = 0; path = ReactNativeAsyncLoadBundle.app; sourceTree = BUILT_PRODUCTS_DIR; };
		13B07FAF1A68108700A75B9A /* AppDelegate.h */ = {isa = PBXFileReference; fileEncoding = 4; lastKnownFileType = sourcecode.c.h; name = AppDelegate.h; path = ReactNativeAsyncLoadBundle/AppDelegate.h; sourceTree = "<group>"; };
		13B07FB01A68108700A75B9A /* AppDelegate.m */ = {isa = PBXFileReference; fileEncoding = 4; lastKnownFileType = sourcecode.c.objc; name = AppDelegate.m; path = ReactNativeAsyncLoadBundle/AppDelegate.m; sourceTree = "<group>"; };
		13B07FB21A68108700A75B9A /* Base */ = {isa = PBXFileReference; lastKnownFileType = file.xib; name = Base; path = Base.lproj/LaunchScreen.xib; sourceTree = "<group>"; };
		13B07FB51A68108700A75B9A /* Images.xcassets */ = {isa = PBXFileReference; lastKnownFileType = folder.assetcatalog; name = Images.xcassets; path = ReactNativeAsyncLoadBundle/Images.xcassets; sourceTree = "<group>"; };
		13B07FB61A68108700A75B9A /* Info.plist */ = {isa = PBXFileReference; fileEncoding = 4; lastKnownFileType = text.plist.xml; name = Info.plist; path = ReactNativeAsyncLoadBundle/Info.plist; sourceTree = "<group>"; };
		13B07FB71A68108700A75B9A /* main.m */ = {isa = PBXFileReference; fileEncoding = 4; lastKnownFileType = sourcecode.c.objc; name = main.m; path = ReactNativeAsyncLoadBundle/main.m; sourceTree = "<group>"; };
		25B5CEDD86939C905F46FA8B /* Pods-ReactNativeAsyncLoadBundle-tvOS.release.xcconfig */ = {isa = PBXFileReference; includeInIndex = 1; lastKnownFileType = text.xcconfig; name = "Pods-ReactNativeAsyncLoadBundle-tvOS.release.xcconfig"; path = "Pods/Target Support Files/Pods-ReactNativeAsyncLoadBundle-tvOS/Pods-ReactNativeAsyncLoadBundle-tvOS.release.xcconfig"; sourceTree = "<group>"; };
		2C38B4C3241FB1C700BFCD1A /* MMWelcomeViewController.h */ = {isa = PBXFileReference; lastKnownFileType = sourcecode.c.h; path = MMWelcomeViewController.h; sourceTree = "<group>"; };
		2C38B4C4241FB1C700BFCD1A /* MMWelcomeViewController.m */ = {isa = PBXFileReference; lastKnownFileType = sourcecode.c.objc; path = MMWelcomeViewController.m; sourceTree = "<group>"; };
		2C97D65A242263F000F713C9 /* MMSyncReactNativeContainerViewController.h */ = {isa = PBXFileReference; lastKnownFileType = sourcecode.c.h; path = MMSyncReactNativeContainerViewController.h; sourceTree = "<group>"; };
		2C97D65B242263F000F713C9 /* MMSyncReactNativeContainerViewController.m */ = {isa = PBXFileReference; lastKnownFileType = sourcecode.c.objc; path = MMSyncReactNativeContainerViewController.m; sourceTree = "<group>"; };
		2C97D65D24226B9E00F713C9 /* bundle */ = {isa = PBXFileReference; lastKnownFileType = folder; path = bundle; sourceTree = "<group>"; };
		2C97D6602423066C00F713C9 /* CRToastWindow.h */ = {isa = PBXFileReference; fileEncoding = 4; lastKnownFileType = sourcecode.c.h; path = CRToastWindow.h; sourceTree = "<group>"; };
		2C97D6612423066C00F713C9 /* CRToastManager.m */ = {isa = PBXFileReference; fileEncoding = 4; lastKnownFileType = sourcecode.c.objc; path = CRToastManager.m; sourceTree = "<group>"; };
		2C97D6622423066C00F713C9 /* CRToastView.h */ = {isa = PBXFileReference; fileEncoding = 4; lastKnownFileType = sourcecode.c.h; path = CRToastView.h; sourceTree = "<group>"; };
		2C97D6632423066C00F713C9 /* CRToastViewController.m */ = {isa = PBXFileReference; fileEncoding = 4; lastKnownFileType = sourcecode.c.objc; path = CRToastViewController.m; sourceTree = "<group>"; };
		2C97D6642423066C00F713C9 /* CRToastConfig.h */ = {isa = PBXFileReference; fileEncoding = 4; lastKnownFileType = sourcecode.c.h; path = CRToastConfig.h; sourceTree = "<group>"; };
		2C97D6652423066C00F713C9 /* CRToast.h */ = {isa = PBXFileReference; fileEncoding = 4; lastKnownFileType = sourcecode.c.h; path = CRToast.h; sourceTree = "<group>"; };
		2C97D6662423066C00F713C9 /* CRToastView.m */ = {isa = PBXFileReference; fileEncoding = 4; lastKnownFileType = sourcecode.c.objc; path = CRToastView.m; sourceTree = "<group>"; };
		2C97D6672423066C00F713C9 /* CRToastManager.h */ = {isa = PBXFileReference; fileEncoding = 4; lastKnownFileType = sourcecode.c.h; path = CRToastManager.h; sourceTree = "<group>"; };
		2C97D6682423066C00F713C9 /* CRToastWindow.m */ = {isa = PBXFileReference; fileEncoding = 4; lastKnownFileType = sourcecode.c.objc; path = CRToastWindow.m; sourceTree = "<group>"; };
		2C97D6692423066C00F713C9 /* CRToastLayoutHelpers.h */ = {isa = PBXFileReference; fileEncoding = 4; lastKnownFileType = sourcecode.c.h; path = CRToastLayoutHelpers.h; sourceTree = "<group>"; };
		2C97D66A2423066C00F713C9 /* CRToastConfig.m */ = {isa = PBXFileReference; fileEncoding = 4; lastKnownFileType = sourcecode.c.objc; path = CRToastConfig.m; sourceTree = "<group>"; };
		2C97D66B2423066C00F713C9 /* CRToastViewController.h */ = {isa = PBXFileReference; fileEncoding = 4; lastKnownFileType = sourcecode.c.h; path = CRToastViewController.h; sourceTree = "<group>"; };
		2C97D6742423142C00F713C9 /* MMBaseReactNativeViewController.m */ = {isa = PBXFileReference; lastKnownFileType = sourcecode.c.objc; path = MMBaseReactNativeViewController.m; sourceTree = "<group>"; };
		2C97D6762423162700F713C9 /* MMBaseReactNativeViewController.h */ = {isa = PBXFileReference; lastKnownFileType = sourcecode.c.h; path = MMBaseReactNativeViewController.h; sourceTree = "<group>"; };
		2C97D67B2423173100F713C9 /* MMAsyncGuideViewController.h */ = {isa = PBXFileReference; lastKnownFileType = sourcecode.c.h; path = MMAsyncGuideViewController.h; sourceTree = "<group>"; };
		2C97D67C2423173100F713C9 /* MMAsyncGuideViewController.m */ = {isa = PBXFileReference; lastKnownFileType = sourcecode.c.objc; path = MMAsyncGuideViewController.m; sourceTree = "<group>"; };
		2C97D67E24231A1400F713C9 /* MMAsyncLoadManager.h */ = {isa = PBXFileReference; lastKnownFileType = sourcecode.c.h; path = MMAsyncLoadManager.h; sourceTree = "<group>"; };
		2C97D67F24231A1400F713C9 /* MMAsyncLoadManager.m */ = {isa = PBXFileReference; lastKnownFileType = sourcecode.c.objc; path = MMAsyncLoadManager.m; sourceTree = "<group>"; };
		2C97D68124231F2000F713C9 /* RCTBridge.h */ = {isa = PBXFileReference; lastKnownFileType = sourcecode.c.h; path = RCTBridge.h; sourceTree = "<group>"; };
		2C97D68224231FA800F713C9 /* MMAsyncReactNativeContainerViewController.h */ = {isa = PBXFileReference; lastKnownFileType = sourcecode.c.h; path = MMAsyncReactNativeContainerViewController.h; sourceTree = "<group>"; };
		2C97D68324231FA800F713C9 /* MMAsyncReactNativeContainerViewController.m */ = {isa = PBXFileReference; lastKnownFileType = sourcecode.c.objc; path = MMAsyncReactNativeContainerViewController.m; sourceTree = "<group>"; };
		2C97D689242344F800F713C9 /* MMTimeRecordUtil.h */ = {isa = PBXFileReference; fileEncoding = 4; lastKnownFileType = sourcecode.c.h; path = MMTimeRecordUtil.h; sourceTree = "<group>"; };
		2C97D68A242344F800F713C9 /* MMTimeRecordUtil.m */ = {isa = PBXFileReference; fileEncoding = 4; lastKnownFileType = sourcecode.c.objc; path = MMTimeRecordUtil.m; sourceTree = "<group>"; };
		3FB2802763F772B93B3FA495 /* Pods-ReactNativeAsyncLoadBundle-tvOSTests.release.xcconfig */ = {isa = PBXFileReference; includeInIndex = 1; lastKnownFileType = text.xcconfig; name = "Pods-ReactNativeAsyncLoadBundle-tvOSTests.release.xcconfig"; path = "Pods/Target Support Files/Pods-ReactNativeAsyncLoadBundle-tvOSTests/Pods-ReactNativeAsyncLoadBundle-tvOSTests.release.xcconfig"; sourceTree = "<group>"; };
		4223408AA7B7CEBC5DEA2E7C /* Pods-ReactNativeAsyncLoadBundle-tvOS.debug.xcconfig */ = {isa = PBXFileReference; includeInIndex = 1; lastKnownFileType = text.xcconfig; name = "Pods-ReactNativeAsyncLoadBundle-tvOS.debug.xcconfig"; path = "Pods/Target Support Files/Pods-ReactNativeAsyncLoadBundle-tvOS/Pods-ReactNativeAsyncLoadBundle-tvOS.debug.xcconfig"; sourceTree = "<group>"; };
		48D563A357B14A7EC66382D4 /* libPods-ReactNativeAsyncLoadBundle.a */ = {isa = PBXFileReference; explicitFileType = archive.ar; includeInIndex = 0; path = "libPods-ReactNativeAsyncLoadBundle.a"; sourceTree = BUILT_PRODUCTS_DIR; };
		48F0526E9AF2E189D9EDE654 /* Pods-ReactNativeAsyncLoadBundle.release.xcconfig */ = {isa = PBXFileReference; includeInIndex = 1; lastKnownFileType = text.xcconfig; name = "Pods-ReactNativeAsyncLoadBundle.release.xcconfig"; path = "Pods/Target Support Files/Pods-ReactNativeAsyncLoadBundle/Pods-ReactNativeAsyncLoadBundle.release.xcconfig"; sourceTree = "<group>"; };
		4FA68A91565C1978E6B36553 /* Pods-ReactNativeAsyncLoadBundle-tvOSTests.debug.xcconfig */ = {isa = PBXFileReference; includeInIndex = 1; lastKnownFileType = text.xcconfig; name = "Pods-ReactNativeAsyncLoadBundle-tvOSTests.debug.xcconfig"; path = "Pods/Target Support Files/Pods-ReactNativeAsyncLoadBundle-tvOSTests/Pods-ReactNativeAsyncLoadBundle-tvOSTests.debug.xcconfig"; sourceTree = "<group>"; };
		72B37E335213D584D818B15F /* Pods-ReactNativeAsyncLoadBundleTests.release.xcconfig */ = {isa = PBXFileReference; includeInIndex = 1; lastKnownFileType = text.xcconfig; name = "Pods-ReactNativeAsyncLoadBundleTests.release.xcconfig"; path = "Pods/Target Support Files/Pods-ReactNativeAsyncLoadBundleTests/Pods-ReactNativeAsyncLoadBundleTests.release.xcconfig"; sourceTree = "<group>"; };
		7E297CA91D73D40D084907A3 /* libPods-ReactNativeAsyncLoadBundleTests.a */ = {isa = PBXFileReference; explicitFileType = archive.ar; includeInIndex = 0; path = "libPods-ReactNativeAsyncLoadBundleTests.a"; sourceTree = BUILT_PRODUCTS_DIR; };
		93F4E3DE8CC41DED5A3A29A0 /* libPods-ReactNativeAsyncLoadBundle-tvOS.a */ = {isa = PBXFileReference; explicitFileType = archive.ar; includeInIndex = 0; path = "libPods-ReactNativeAsyncLoadBundle-tvOS.a"; sourceTree = BUILT_PRODUCTS_DIR; };
		BAC8832890A6111A06AE15AF /* Pods-ReactNativeAsyncLoadBundle.debug.xcconfig */ = {isa = PBXFileReference; includeInIndex = 1; lastKnownFileType = text.xcconfig; name = "Pods-ReactNativeAsyncLoadBundle.debug.xcconfig"; path = "Pods/Target Support Files/Pods-ReactNativeAsyncLoadBundle/Pods-ReactNativeAsyncLoadBundle.debug.xcconfig"; sourceTree = "<group>"; };
		C572E3D4D6433623D9B60F4E /* Pods-ReactNativeAsyncLoadBundleTests.debug.xcconfig */ = {isa = PBXFileReference; includeInIndex = 1; lastKnownFileType = text.xcconfig; name = "Pods-ReactNativeAsyncLoadBundleTests.debug.xcconfig"; path = "Pods/Target Support Files/Pods-ReactNativeAsyncLoadBundleTests/Pods-ReactNativeAsyncLoadBundleTests.debug.xcconfig"; sourceTree = "<group>"; };
		D7537766FD1BA4C862CA70ED /* libPods-ReactNativeAsyncLoadBundle-tvOSTests.a */ = {isa = PBXFileReference; explicitFileType = archive.ar; includeInIndex = 0; path = "libPods-ReactNativeAsyncLoadBundle-tvOSTests.a"; sourceTree = BUILT_PRODUCTS_DIR; };
		ED297162215061F000B7C4FE /* JavaScriptCore.framework */ = {isa = PBXFileReference; lastKnownFileType = wrapper.framework; name = JavaScriptCore.framework; path = System/Library/Frameworks/JavaScriptCore.framework; sourceTree = SDKROOT; };
		ED2971642150620600B7C4FE /* JavaScriptCore.framework */ = {isa = PBXFileReference; lastKnownFileType = wrapper.framework; name = JavaScriptCore.framework; path = Platforms/AppleTVOS.platform/Developer/SDKs/AppleTVOS12.0.sdk/System/Library/Frameworks/JavaScriptCore.framework; sourceTree = DEVELOPER_DIR; };
/* End PBXFileReference section */

/* Begin PBXFrameworksBuildPhase section */
		00E356EB1AD99517003FC87E /* Frameworks */ = {
			isa = PBXFrameworksBuildPhase;
			buildActionMask = 2147483647;
			files = (
				9611FDF3CE7B611B13A9FCD5 /* libPods-ReactNativeAsyncLoadBundleTests.a in Frameworks */,
			);
			runOnlyForDeploymentPostprocessing = 0;
		};
		13B07F8C1A680F5B00A75B9A /* Frameworks */ = {
			isa = PBXFrameworksBuildPhase;
			buildActionMask = 2147483647;
			files = (
				93EAD5173DFE1E8F0B6B521C /* libPods-ReactNativeAsyncLoadBundle.a in Frameworks */,
			);
			runOnlyForDeploymentPostprocessing = 0;
		};
/* End PBXFrameworksBuildPhase section */

/* Begin PBXGroup section */
		00E356EF1AD99517003FC87E /* ReactNativeAsyncLoadBundleTests */ = {
			isa = PBXGroup;
			children = (
				00E356F21AD99517003FC87E /* ReactNativeAsyncLoadBundleTests.m */,
				00E356F01AD99517003FC87E /* Supporting Files */,
			);
			path = ReactNativeAsyncLoadBundleTests;
			sourceTree = "<group>";
		};
		00E356F01AD99517003FC87E /* Supporting Files */ = {
			isa = PBXGroup;
			children = (
				00E356F11AD99517003FC87E /* Info.plist */,
			);
			name = "Supporting Files";
			sourceTree = "<group>";
		};
		13B07FAE1A68108700A75B9A /* ReactNativeAsyncLoadBundle */ = {
			isa = PBXGroup;
			children = (
				2C97D6852423437F00F713C9 /* utils */,
				2C97D65F2423066C00F713C9 /* CRToast */,
				2C97D65D24226B9E00F713C9 /* bundle */,
				2C38B4C2241FB15D00BFCD1A /* controllers */,
				13B07FAF1A68108700A75B9A /* AppDelegate.h */,
				13B07FB01A68108700A75B9A /* AppDelegate.m */,
				13B07FB51A68108700A75B9A /* Images.xcassets */,
				13B07FB61A68108700A75B9A /* Info.plist */,
				13B07FB11A68108700A75B9A /* LaunchScreen.xib */,
				13B07FB71A68108700A75B9A /* main.m */,
			);
			name = ReactNativeAsyncLoadBundle;
			sourceTree = "<group>";
		};
		2C38B4C2241FB15D00BFCD1A /* controllers */ = {
			isa = PBXGroup;
			children = (
				2C38B4C7241FB1FD00BFCD1A /* async */,
				2C38B4C6241FB1E500BFCD1A /* sync */,
				2C38B4C3241FB1C700BFCD1A /* MMWelcomeViewController.h */,
				2C38B4C4241FB1C700BFCD1A /* MMWelcomeViewController.m */,
				2C97D6742423142C00F713C9 /* MMBaseReactNativeViewController.m */,
				2C97D6762423162700F713C9 /* MMBaseReactNativeViewController.h */,
			);
			path = controllers;
			sourceTree = "<group>";
		};
		2C38B4C6241FB1E500BFCD1A /* sync */ = {
			isa = PBXGroup;
			children = (
				2C97D65A242263F000F713C9 /* MMSyncReactNativeContainerViewController.h */,
				2C97D65B242263F000F713C9 /* MMSyncReactNativeContainerViewController.m */,
			);
			path = sync;
			sourceTree = "<group>";
		};
		2C38B4C7241FB1FD00BFCD1A /* async */ = {
			isa = PBXGroup;
			children = (
				2C97D67B2423173100F713C9 /* MMAsyncGuideViewController.h */,
				2C97D67C2423173100F713C9 /* MMAsyncGuideViewController.m */,
				2C97D67E24231A1400F713C9 /* MMAsyncLoadManager.h */,
				2C97D67F24231A1400F713C9 /* MMAsyncLoadManager.m */,
				2C97D68124231F2000F713C9 /* RCTBridge.h */,
				2C97D68224231FA800F713C9 /* MMAsyncReactNativeContainerViewController.h */,
				2C97D68324231FA800F713C9 /* MMAsyncReactNativeContainerViewController.m */,
			);
			path = async;
			sourceTree = "<group>";
		};
		2C97D65F2423066C00F713C9 /* CRToast */ = {
			isa = PBXGroup;
			children = (
				2C97D6602423066C00F713C9 /* CRToastWindow.h */,
				2C97D6612423066C00F713C9 /* CRToastManager.m */,
				2C97D6622423066C00F713C9 /* CRToastView.h */,
				2C97D6632423066C00F713C9 /* CRToastViewController.m */,
				2C97D6642423066C00F713C9 /* CRToastConfig.h */,
				2C97D6652423066C00F713C9 /* CRToast.h */,
				2C97D6662423066C00F713C9 /* CRToastView.m */,
				2C97D6672423066C00F713C9 /* CRToastManager.h */,
				2C97D6682423066C00F713C9 /* CRToastWindow.m */,
				2C97D6692423066C00F713C9 /* CRToastLayoutHelpers.h */,
				2C97D66A2423066C00F713C9 /* CRToastConfig.m */,
				2C97D66B2423066C00F713C9 /* CRToastViewController.h */,
			);
			path = CRToast;
			sourceTree = "<group>";
		};
		2C97D6852423437F00F713C9 /* utils */ = {
			isa = PBXGroup;
			children = (
				2C97D689242344F800F713C9 /* MMTimeRecordUtil.h */,
				2C97D68A242344F800F713C9 /* MMTimeRecordUtil.m */,
			);
			path = utils;
			sourceTree = "<group>";
		};
		2D16E6871FA4F8E400B85C8A /* Frameworks */ = {
			isa = PBXGroup;
			children = (
				ED297162215061F000B7C4FE /* JavaScriptCore.framework */,
				ED2971642150620600B7C4FE /* JavaScriptCore.framework */,
				48D563A357B14A7EC66382D4 /* libPods-ReactNativeAsyncLoadBundle.a */,
				93F4E3DE8CC41DED5A3A29A0 /* libPods-ReactNativeAsyncLoadBundle-tvOS.a */,
				D7537766FD1BA4C862CA70ED /* libPods-ReactNativeAsyncLoadBundle-tvOSTests.a */,
				7E297CA91D73D40D084907A3 /* libPods-ReactNativeAsyncLoadBundleTests.a */,
			);
			name = Frameworks;
			sourceTree = "<group>";
		};
		832341AE1AAA6A7D00B99B32 /* Libraries */ = {
			isa = PBXGroup;
			children = (
			);
			name = Libraries;
			sourceTree = "<group>";
		};
		83CBB9F61A601CBA00E9B192 = {
			isa = PBXGroup;
			children = (
				13B07FAE1A68108700A75B9A /* ReactNativeAsyncLoadBundle */,
				832341AE1AAA6A7D00B99B32 /* Libraries */,
				00E356EF1AD99517003FC87E /* ReactNativeAsyncLoadBundleTests */,
				83CBBA001A601CBA00E9B192 /* Products */,
				2D16E6871FA4F8E400B85C8A /* Frameworks */,
				D97CE2FFA74C6333689A6162 /* Pods */,
			);
			indentWidth = 2;
			sourceTree = "<group>";
			tabWidth = 2;
			usesTabs = 0;
		};
		83CBBA001A601CBA00E9B192 /* Products */ = {
			isa = PBXGroup;
			children = (
				13B07F961A680F5B00A75B9A /* ReactNativeAsyncLoadBundle.app */,
				00E356EE1AD99517003FC87E /* ReactNativeAsyncLoadBundleTests.xctest */,
			);
			name = Products;
			sourceTree = "<group>";
		};
		D97CE2FFA74C6333689A6162 /* Pods */ = {
			isa = PBXGroup;
			children = (
				BAC8832890A6111A06AE15AF /* Pods-ReactNativeAsyncLoadBundle.debug.xcconfig */,
				48F0526E9AF2E189D9EDE654 /* Pods-ReactNativeAsyncLoadBundle.release.xcconfig */,
				4223408AA7B7CEBC5DEA2E7C /* Pods-ReactNativeAsyncLoadBundle-tvOS.debug.xcconfig */,
				25B5CEDD86939C905F46FA8B /* Pods-ReactNativeAsyncLoadBundle-tvOS.release.xcconfig */,
				4FA68A91565C1978E6B36553 /* Pods-ReactNativeAsyncLoadBundle-tvOSTests.debug.xcconfig */,
				3FB2802763F772B93B3FA495 /* Pods-ReactNativeAsyncLoadBundle-tvOSTests.release.xcconfig */,
				C572E3D4D6433623D9B60F4E /* Pods-ReactNativeAsyncLoadBundleTests.debug.xcconfig */,
				72B37E335213D584D818B15F /* Pods-ReactNativeAsyncLoadBundleTests.release.xcconfig */,
			);
			name = Pods;
			sourceTree = "<group>";
		};
/* End PBXGroup section */

/* Begin PBXNativeTarget section */
		00E356ED1AD99517003FC87E /* ReactNativeAsyncLoadBundleTests */ = {
			isa = PBXNativeTarget;
			buildConfigurationList = 00E357021AD99517003FC87E /* Build configuration list for PBXNativeTarget "ReactNativeAsyncLoadBundleTests" */;
			buildPhases = (
				E0B6E9B3D91D263AD4AA177F /* [CP] Check Pods Manifest.lock */,
				00E356EA1AD99517003FC87E /* Sources */,
				00E356EB1AD99517003FC87E /* Frameworks */,
				00E356EC1AD99517003FC87E /* Resources */,
			);
			buildRules = (
			);
			dependencies = (
				00E356F51AD99517003FC87E /* PBXTargetDependency */,
			);
			name = ReactNativeAsyncLoadBundleTests;
			productName = ReactNativeAsyncLoadBundleTests;
			productReference = 00E356EE1AD99517003FC87E /* ReactNativeAsyncLoadBundleTests.xctest */;
			productType = "com.apple.product-type.bundle.unit-test";
		};
		13B07F861A680F5B00A75B9A /* ReactNativeAsyncLoadBundle */ = {
			isa = PBXNativeTarget;
			buildConfigurationList = 13B07F931A680F5B00A75B9A /* Build configuration list for PBXNativeTarget "ReactNativeAsyncLoadBundle" */;
			buildPhases = (
				5E8B3FA39A9D01ABC2011EDD /* [CP] Check Pods Manifest.lock */,
				FD10A7F022414F080027D42C /* Start Packager */,
				13B07F871A680F5B00A75B9A /* Sources */,
				13B07F8C1A680F5B00A75B9A /* Frameworks */,
				13B07F8E1A680F5B00A75B9A /* Resources */,
				00DD1BFF1BD5951E006B06BC /* Bundle React Native code and images */,
			);
			buildRules = (
			);
			dependencies = (
			);
			name = ReactNativeAsyncLoadBundle;
			productName = ReactNativeAsyncLoadBundle;
			productReference = 13B07F961A680F5B00A75B9A /* ReactNativeAsyncLoadBundle.app */;
			productType = "com.apple.product-type.application";
		};
/* End PBXNativeTarget section */

/* Begin PBXProject section */
		83CBB9F71A601CBA00E9B192 /* Project object */ = {
			isa = PBXProject;
			attributes = {
				LastUpgradeCheck = 0940;
				ORGANIZATIONNAME = Facebook;
				TargetAttributes = {
					00E356ED1AD99517003FC87E = {
						CreatedOnToolsVersion = 6.2;
						DevelopmentTeam = S363G84APG;
						TestTargetID = 13B07F861A680F5B00A75B9A;
					};
					13B07F861A680F5B00A75B9A = {
						DevelopmentTeam = S363G84APG;
					};
				};
			};
			buildConfigurationList = 83CBB9FA1A601CBA00E9B192 /* Build configuration list for PBXProject "ReactNativeAsyncLoadBundle" */;
			compatibilityVersion = "Xcode 3.2";
			developmentRegion = English;
			hasScannedForEncodings = 0;
			knownRegions = (
				English,
				en,
				Base,
			);
			mainGroup = 83CBB9F61A601CBA00E9B192;
			productRefGroup = 83CBBA001A601CBA00E9B192 /* Products */;
			projectDirPath = "";
			projectRoot = "";
			targets = (
				13B07F861A680F5B00A75B9A /* ReactNativeAsyncLoadBundle */,
				00E356ED1AD99517003FC87E /* ReactNativeAsyncLoadBundleTests */,
			);
		};
/* End PBXProject section */

/* Begin PBXResourcesBuildPhase section */
		00E356EC1AD99517003FC87E /* Resources */ = {
			isa = PBXResourcesBuildPhase;
			buildActionMask = 2147483647;
			files = (
			);
			runOnlyForDeploymentPostprocessing = 0;
		};
		13B07F8E1A680F5B00A75B9A /* Resources */ = {
			isa = PBXResourcesBuildPhase;
			buildActionMask = 2147483647;
			files = (
				13B07FBF1A68108700A75B9A /* Images.xcassets in Resources */,
				2C97D65E24226B9E00F713C9 /* bundle in Resources */,
				13B07FBD1A68108700A75B9A /* LaunchScreen.xib in Resources */,
			);
			runOnlyForDeploymentPostprocessing = 0;
		};
/* End PBXResourcesBuildPhase section */

/* Begin PBXShellScriptBuildPhase section */
		00DD1BFF1BD5951E006B06BC /* Bundle React Native code and images */ = {
			isa = PBXShellScriptBuildPhase;
			buildActionMask = 2147483647;
			files = (
			);
			inputPaths = (
			);
			name = "Bundle React Native code and images";
			outputPaths = (
			);
			runOnlyForDeploymentPostprocessing = 0;
			shellPath = /bin/sh;
			shellScript = "export NODE_BINARY=node\n../node_modules/react-native/scripts/react-native-xcode.sh";
		};
		5E8B3FA39A9D01ABC2011EDD /* [CP] Check Pods Manifest.lock */ = {
			isa = PBXShellScriptBuildPhase;
			buildActionMask = 2147483647;
			files = (
			);
			inputPaths = (
				"${PODS_PODFILE_DIR_PATH}/Podfile.lock",
				"${PODS_ROOT}/Manifest.lock",
			);
			name = "[CP] Check Pods Manifest.lock";
			outputPaths = (
				"$(DERIVED_FILE_DIR)/Pods-ReactNativeAsyncLoadBundle-checkManifestLockResult.txt",
			);
			runOnlyForDeploymentPostprocessing = 0;
			shellPath = /bin/sh;
			shellScript = "diff \"${PODS_PODFILE_DIR_PATH}/Podfile.lock\" \"${PODS_ROOT}/Manifest.lock\" > /dev/null\nif [ $? != 0 ] ; then\n    # print error to STDERR\n    echo \"error: The sandbox is not in sync with the Podfile.lock. Run 'pod install' or update your CocoaPods installation.\" >&2\n    exit 1\nfi\n# This output is used by Xcode 'outputs' to avoid re-running this script phase.\necho \"SUCCESS\" > \"${SCRIPT_OUTPUT_FILE_0}\"\n";
			showEnvVarsInLog = 0;
		};
		E0B6E9B3D91D263AD4AA177F /* [CP] Check Pods Manifest.lock */ = {
			isa = PBXShellScriptBuildPhase;
			buildActionMask = 2147483647;
			files = (
			);
			inputPaths = (
				"${PODS_PODFILE_DIR_PATH}/Podfile.lock",
				"${PODS_ROOT}/Manifest.lock",
			);
			name = "[CP] Check Pods Manifest.lock";
			outputPaths = (
				"$(DERIVED_FILE_DIR)/Pods-ReactNativeAsyncLoadBundleTests-checkManifestLockResult.txt",
			);
			runOnlyForDeploymentPostprocessing = 0;
			shellPath = /bin/sh;
			shellScript = "diff \"${PODS_PODFILE_DIR_PATH}/Podfile.lock\" \"${PODS_ROOT}/Manifest.lock\" > /dev/null\nif [ $? != 0 ] ; then\n    # print error to STDERR\n    echo \"error: The sandbox is not in sync with the Podfile.lock. Run 'pod install' or update your CocoaPods installation.\" >&2\n    exit 1\nfi\n# This output is used by Xcode 'outputs' to avoid re-running this script phase.\necho \"SUCCESS\" > \"${SCRIPT_OUTPUT_FILE_0}\"\n";
			showEnvVarsInLog = 0;
		};
		FD10A7F022414F080027D42C /* Start Packager */ = {
			isa = PBXShellScriptBuildPhase;
			buildActionMask = 2147483647;
			files = (
			);
			inputPaths = (
			);
			name = "Start Packager";
			outputPaths = (
			);
			runOnlyForDeploymentPostprocessing = 0;
			shellPath = /bin/sh;
			shellScript = "export RCT_METRO_PORT=\"${RCT_METRO_PORT:=8081}\"\necho \"export RCT_METRO_PORT=${RCT_METRO_PORT}\" > \"${SRCROOT}/../node_modules/react-native/scripts/.packager.env\"\nif [ -z \"${RCT_NO_LAUNCH_PACKAGER+xxx}\" ] ; then\n  if nc -w 5 -z localhost ${RCT_METRO_PORT} ; then\n    if ! curl -s \"http://localhost:${RCT_METRO_PORT}/status\" | grep -q \"packager-status:running\" ; then\n      echo \"Port ${RCT_METRO_PORT} already in use, packager is either not running or not running correctly\"\n      exit 2\n    fi\n  else\n    open \"$SRCROOT/../node_modules/react-native/scripts/launchPackager.command\" || echo \"Can't start packager automatically\"\n  fi\nfi\n";
			showEnvVarsInLog = 0;
		};
/* End PBXShellScriptBuildPhase section */

/* Begin PBXSourcesBuildPhase section */
		00E356EA1AD99517003FC87E /* Sources */ = {
			isa = PBXSourcesBuildPhase;
			buildActionMask = 2147483647;
			files = (
				00E356F31AD99517003FC87E /* ReactNativeAsyncLoadBundleTests.m in Sources */,
			);
			runOnlyForDeploymentPostprocessing = 0;
		};
		13B07F871A680F5B00A75B9A /* Sources */ = {
			isa = PBXSourcesBuildPhase;
			buildActionMask = 2147483647;
			files = (
				2C97D67D2423173100F713C9 /* MMAsyncGuideViewController.m in Sources */,
				2C97D65C242263F000F713C9 /* MMSyncReactNativeContainerViewController.m in Sources */,
				2C97D66F2423066D00F713C9 /* CRToastView.m in Sources */,
				2C97D6702423066D00F713C9 /* CRToastWindow.m in Sources */,
				2C97D66E2423066D00F713C9 /* CRToastViewController.m in Sources */,
				2C97D6752423142C00F713C9 /* MMBaseReactNativeViewController.m in Sources */,
				13B07FBC1A68108700A75B9A /* AppDelegate.m in Sources */,
				2C38B4C5241FB1C700BFCD1A /* MMWelcomeViewController.m in Sources */,
				2C97D68424231FA800F713C9 /* MMAsyncReactNativeContainerViewController.m in Sources */,
				13B07FC11A68108700A75B9A /* main.m in Sources */,
				2C97D66D2423066D00F713C9 /* CRToastManager.m in Sources */,
				2C97D68B242344F800F713C9 /* MMTimeRecordUtil.m in Sources */,
				2C97D6712423066D00F713C9 /* CRToastConfig.m in Sources */,
				2C97D68024231A1400F713C9 /* MMAsyncLoadManager.m in Sources */,
			);
			runOnlyForDeploymentPostprocessing = 0;
		};
/* End PBXSourcesBuildPhase section */

/* Begin PBXTargetDependency section */
		00E356F51AD99517003FC87E /* PBXTargetDependency */ = {
			isa = PBXTargetDependency;
			target = 13B07F861A680F5B00A75B9A /* ReactNativeAsyncLoadBundle */;
			targetProxy = 00E356F41AD99517003FC87E /* PBXContainerItemProxy */;
		};
/* End PBXTargetDependency section */

/* Begin PBXVariantGroup section */
		13B07FB11A68108700A75B9A /* LaunchScreen.xib */ = {
			isa = PBXVariantGroup;
			children = (
				13B07FB21A68108700A75B9A /* Base */,
			);
			name = LaunchScreen.xib;
			path = ReactNativeAsyncLoadBundle;
			sourceTree = "<group>";
		};
/* End PBXVariantGroup section */

/* Begin XCBuildConfiguration section */
		00E356F61AD99517003FC87E /* Debug */ = {
			isa = XCBuildConfiguration;
			baseConfigurationReference = C572E3D4D6433623D9B60F4E /* Pods-ReactNativeAsyncLoadBundleTests.debug.xcconfig */;
			buildSettings = {
				BUNDLE_LOADER = "$(TEST_HOST)";
				DEVELOPMENT_TEAM = S363G84APG;
				GCC_PREPROCESSOR_DEFINITIONS = (
					"DEBUG=1",
					"$(inherited)",
				);
				INFOPLIST_FILE = ReactNativeAsyncLoadBundleTests/Info.plist;
				IPHONEOS_DEPLOYMENT_TARGET = 9.0;
				LD_RUNPATH_SEARCH_PATHS = "$(inherited) @executable_path/Frameworks @loader_path/Frameworks";
				OTHER_LDFLAGS = (
					"-ObjC",
					"-lc++",
					"$(inherited)",
				);
				PRODUCT_BUNDLE_IDENTIFIER = "org.reactjs.native.example.$(PRODUCT_NAME:rfc1034identifier)";
				PRODUCT_NAME = "$(TARGET_NAME)";
				TEST_HOST = "$(BUILT_PRODUCTS_DIR)/ReactNativeAsyncLoadBundle.app/ReactNativeAsyncLoadBundle";
			};
			name = Debug;
		};
		00E356F71AD99517003FC87E /* Release */ = {
			isa = XCBuildConfiguration;
			baseConfigurationReference = 72B37E335213D584D818B15F /* Pods-ReactNativeAsyncLoadBundleTests.release.xcconfig */;
			buildSettings = {
				BUNDLE_LOADER = "$(TEST_HOST)";
				COPY_PHASE_STRIP = NO;
				DEVELOPMENT_TEAM = S363G84APG;
				INFOPLIST_FILE = ReactNativeAsyncLoadBundleTests/Info.plist;
				IPHONEOS_DEPLOYMENT_TARGET = 9.0;
				LD_RUNPATH_SEARCH_PATHS = "$(inherited) @executable_path/Frameworks @loader_path/Frameworks";
				OTHER_LDFLAGS = (
					"-ObjC",
					"-lc++",
					"$(inherited)",
				);
				PRODUCT_BUNDLE_IDENTIFIER = "org.reactjs.native.example.$(PRODUCT_NAME:rfc1034identifier)";
				PRODUCT_NAME = "$(TARGET_NAME)";
				TEST_HOST = "$(BUILT_PRODUCTS_DIR)/ReactNativeAsyncLoadBundle.app/ReactNativeAsyncLoadBundle";
			};
			name = Release;
		};
		13B07F941A680F5B00A75B9A /* Debug */ = {
			isa = XCBuildConfiguration;
			baseConfigurationReference = BAC8832890A6111A06AE15AF /* Pods-ReactNativeAsyncLoadBundle.debug.xcconfig */;
			buildSettings = {
				ASSETCATALOG_COMPILER_APPICON_NAME = AppIcon;
				CURRENT_PROJECT_VERSION = 1;
				DEAD_CODE_STRIPPING = NO;
				DEVELOPMENT_TEAM = S363G84APG;
				INFOPLIST_FILE = ReactNativeAsyncLoadBundle/Info.plist;
				LD_RUNPATH_SEARCH_PATHS = "$(inherited) @executable_path/Frameworks";
				OTHER_LDFLAGS = (
					"$(inherited)",
					"-ObjC",
					"-lc++",
				);
				PRODUCT_BUNDLE_IDENTIFIER = com.marcus.rn.asyncloader;
				PRODUCT_NAME = ReactNativeAsyncLoadBundle;
				VERSIONING_SYSTEM = "apple-generic";
			};
			name = Debug;
		};
		13B07F951A680F5B00A75B9A /* Release */ = {
			isa = XCBuildConfiguration;
			baseConfigurationReference = 48F0526E9AF2E189D9EDE654 /* Pods-ReactNativeAsyncLoadBundle.release.xcconfig */;
			buildSettings = {
				ASSETCATALOG_COMPILER_APPICON_NAME = AppIcon;
				CURRENT_PROJECT_VERSION = 1;
				DEVELOPMENT_TEAM = S363G84APG;
				INFOPLIST_FILE = ReactNativeAsyncLoadBundle/Info.plist;
				LD_RUNPATH_SEARCH_PATHS = "$(inherited) @executable_path/Frameworks";
				OTHER_LDFLAGS = (
					"$(inherited)",
					"-ObjC",
					"-lc++",
				);
				PRODUCT_BUNDLE_IDENTIFIER = com.marcus.rn.asyncloader;
				PRODUCT_NAME = ReactNativeAsyncLoadBundle;
				VERSIONING_SYSTEM = "apple-generic";
			};
			name = Release;
		};
		83CBBA201A601CBA00E9B192 /* Debug */ = {
			isa = XCBuildConfiguration;
			buildSettings = {
				ALWAYS_SEARCH_USER_PATHS = NO;
				CLANG_CXX_LANGUAGE_STANDARD = "gnu++0x";
				CLANG_CXX_LIBRARY = "libc++";
				CLANG_ENABLE_MODULES = YES;
				CLANG_ENABLE_OBJC_ARC = YES;
				CLANG_WARN_BLOCK_CAPTURE_AUTORELEASING = YES;
				CLANG_WARN_BOOL_CONVERSION = YES;
				CLANG_WARN_COMMA = YES;
				CLANG_WARN_CONSTANT_CONVERSION = YES;
				CLANG_WARN_DEPRECATED_OBJC_IMPLEMENTATIONS = YES;
				CLANG_WARN_DIRECT_OBJC_ISA_USAGE = YES_ERROR;
				CLANG_WARN_EMPTY_BODY = YES;
				CLANG_WARN_ENUM_CONVERSION = YES;
				CLANG_WARN_INFINITE_RECURSION = YES;
				CLANG_WARN_INT_CONVERSION = YES;
				CLANG_WARN_NON_LITERAL_NULL_CONVERSION = YES;
				CLANG_WARN_OBJC_IMPLICIT_RETAIN_SELF = YES;
				CLANG_WARN_OBJC_LITERAL_CONVERSION = YES;
				CLANG_WARN_OBJC_ROOT_CLASS = YES_ERROR;
				CLANG_WARN_RANGE_LOOP_ANALYSIS = YES;
				CLANG_WARN_STRICT_PROTOTYPES = YES;
				CLANG_WARN_SUSPICIOUS_MOVE = YES;
				CLANG_WARN_UNREACHABLE_CODE = YES;
				CLANG_WARN__DUPLICATE_METHOD_MATCH = YES;
				"CODE_SIGN_IDENTITY[sdk=iphoneos*]" = "iPhone Developer";
				COPY_PHASE_STRIP = NO;
				ENABLE_STRICT_OBJC_MSGSEND = YES;
				ENABLE_TESTABILITY = YES;
				GCC_C_LANGUAGE_STANDARD = gnu99;
				GCC_DYNAMIC_NO_PIC = NO;
				GCC_NO_COMMON_BLOCKS = YES;
				GCC_OPTIMIZATION_LEVEL = 0;
				GCC_PREPROCESSOR_DEFINITIONS = (
					"DEBUG=1",
					"$(inherited)",
				);
				GCC_SYMBOLS_PRIVATE_EXTERN = NO;
				GCC_WARN_64_TO_32_BIT_CONVERSION = YES;
				GCC_WARN_ABOUT_RETURN_TYPE = YES_ERROR;
				GCC_WARN_UNDECLARED_SELECTOR = YES;
				GCC_WARN_UNINITIALIZED_AUTOS = YES_AGGRESSIVE;
				GCC_WARN_UNUSED_FUNCTION = YES;
				GCC_WARN_UNUSED_VARIABLE = YES;
				IPHONEOS_DEPLOYMENT_TARGET = 9.0;
				MTL_ENABLE_DEBUG_INFO = YES;
				ONLY_ACTIVE_ARCH = YES;
				SDKROOT = iphoneos;
			};
			name = Debug;
		};
		83CBBA211A601CBA00E9B192 /* Release */ = {
			isa = XCBuildConfiguration;
			buildSettings = {
				ALWAYS_SEARCH_USER_PATHS = NO;
				CLANG_CXX_LANGUAGE_STANDARD = "gnu++0x";
				CLANG_CXX_LIBRARY = "libc++";
				CLANG_ENABLE_MODULES = YES;
				CLANG_ENABLE_OBJC_ARC = YES;
				CLANG_WARN_BLOCK_CAPTURE_AUTORELEASING = YES;
				CLANG_WARN_BOOL_CONVERSION = YES;
				CLANG_WARN_COMMA = YES;
				CLANG_WARN_CONSTANT_CONVERSION = YES;
				CLANG_WARN_DEPRECATED_OBJC_IMPLEMENTATIONS = YES;
				CLANG_WARN_DIRECT_OBJC_ISA_USAGE = YES_ERROR;
				CLANG_WARN_EMPTY_BODY = YES;
				CLANG_WARN_ENUM_CONVERSION = YES;
				CLANG_WARN_INFINITE_RECURSION = YES;
				CLANG_WARN_INT_CONVERSION = YES;
				CLANG_WARN_NON_LITERAL_NULL_CONVERSION = YES;
				CLANG_WARN_OBJC_IMPLICIT_RETAIN_SELF = YES;
				CLANG_WARN_OBJC_LITERAL_CONVERSION = YES;
				CLANG_WARN_OBJC_ROOT_CLASS = YES_ERROR;
				CLANG_WARN_RANGE_LOOP_ANALYSIS = YES;
				CLANG_WARN_STRICT_PROTOTYPES = YES;
				CLANG_WARN_SUSPICIOUS_MOVE = YES;
				CLANG_WARN_UNREACHABLE_CODE = YES;
				CLANG_WARN__DUPLICATE_METHOD_MATCH = YES;
				"CODE_SIGN_IDENTITY[sdk=iphoneos*]" = "iPhone Developer";
				COPY_PHASE_STRIP = YES;
				ENABLE_NS_ASSERTIONS = NO;
				ENABLE_STRICT_OBJC_MSGSEND = YES;
				GCC_C_LANGUAGE_STANDARD = gnu99;
				GCC_NO_COMMON_BLOCKS = YES;
				GCC_WARN_64_TO_32_BIT_CONVERSION = YES;
				GCC_WARN_ABOUT_RETURN_TYPE = YES_ERROR;
				GCC_WARN_UNDECLARED_SELECTOR = YES;
				GCC_WARN_UNINITIALIZED_AUTOS = YES_AGGRESSIVE;
				GCC_WARN_UNUSED_FUNCTION = YES;
				GCC_WARN_UNUSED_VARIABLE = YES;
				IPHONEOS_DEPLOYMENT_TARGET = 9.0;
				MTL_ENABLE_DEBUG_INFO = NO;
				SDKROOT = iphoneos;
				VALIDATE_PRODUCT = YES;
			};
			name = Release;
		};
/* End XCBuildConfiguration section */

/* Begin XCConfigurationList section */
		00E357021AD99517003FC87E /* Build configuration list for PBXNativeTarget "ReactNativeAsyncLoadBundleTests" */ = {
			isa = XCConfigurationList;
			buildConfigurations = (
				00E356F61AD99517003FC87E /* Debug */,
				00E356F71AD99517003FC87E /* Release */,
			);
			defaultConfigurationIsVisible = 0;
			defaultConfigurationName = Release;
		};
		13B07F931A680F5B00A75B9A /* Build configuration list for PBXNativeTarget "ReactNativeAsyncLoadBundle" */ = {
			isa = XCConfigurationList;
			buildConfigurations = (
				13B07F941A680F5B00A75B9A /* Debug */,
				13B07F951A680F5B00A75B9A /* Release */,
			);
			defaultConfigurationIsVisible = 0;
			defaultConfigurationName = Release;
		};
		83CBB9FA1A601CBA00E9B192 /* Build configuration list for PBXProject "ReactNativeAsyncLoadBundle" */ = {
			isa = XCConfigurationList;
			buildConfigurations = (
				83CBBA201A601CBA00E9B192 /* Debug */,
				83CBBA211A601CBA00E9B192 /* Release */,
			);
			defaultConfigurationIsVisible = 0;
			defaultConfigurationName = Release;
		};
/* End XCConfigurationList section */
	};
	rootObject = 83CBB9F71A601CBA00E9B192 /* Project object */;
}
